github.com/jackc/pgpassfile v1.0.0 h1:/6Hmqy13Ss2zCq62VdNG8KEjuPXOx70wrfnD4XLggpU=
github.com/jackc/pgpassfile v1.0.0/go.mod h1:CEx0iS5ambNFdcRtxPj5JhEz+xB6uRky5eyVu/W2HEg=
github.com/jackc/pgservicefile v0.0.0-20240606120523-5a60cdf6a761 h1:iCEnooe7UlwOQYpKFhBabsxsnboZb/qLR/lIbrLU8Nk=
github.com/jackc/pgservicefile v0.0.0-20240606120523-5a60cdf6a761/go.mod h1:5DbPExtzjwSto/8a9EkMQaW3Um2W+wFbhS3z/oamDEs=
github.com/jackc/pgx/v5 v5.7.4 h1:5fNpDPuBFx7jmHEBgHmGZ3+UqGSOwbmCcjSbqr9M5W8=
github.com/jackc/pgx/v5 v5.7.4/go.mod h1:ncY89UGWxg0sLGovf8ajBM7QCEKqoFSqYjpPh+Tg9Bk=
github.com/jackc/puddle/v2 v2.2.2 h1:PR5hXQz5UXk/J3F7EvovHDENkD7sjFzkB6+5+7K4bYU=
github.com/jackc/puddle/v2 v2.2.2/go.mod h1:qnp0J9yfTHDMKkS9YLOn0FkXFQxBMFoI7MemnqMsBd4=
golang.org/x/crypto v0.31.0 h1:ihbySMvVjLAeSH1IbfcRTkD/iNscyz8rGzjF/E5hV6U=
golang.org/x/crypto v0.31.0/go.mod h1:kDsLvtWBEx7MV9tJOj9bnXsPbxwJQ6csT/x4KIN4Ssk=
golang.org/x/sync v0.10.0 h1:3NQrjDixjgGwUOCaF8w2+VYHv0Ve/vGYSbdkTa98gmQ=
golang.org/x/sync v0.10.0/go.mod h1:Czt+wKu1gCyEFDUtn0jG5QVvpJ6rzVqr5aXyt9drQfk=
golang.org/x/text v0.21.0 h1:zyQAAkrwaneQ066sspRyJaG9VNi/YJ1NfzcGB3hZ/qo=
golang.org/x/text v0.21.0/go.mod h1:4IBbMaMmOPCJ8SecivzSH54+73PCFmPWxNTLm+vZkEQ=
